
Microsoft Visual Studio Solution File, Format Version 12.00
# Visual Studio Version 17
VisualStudioVersion = 17.1.32127.271
MinimumVisualStudioVersion = 10.0.40219.1
Project("{9A19103F-16F7-4668-BE54-9A1E7A4F7556}") = "SampleOpenIDConnect", "SampleOpenIDConnect\SampleOpenIDConnect.csproj", "{489B88E3-D189-4655-9131-E16580483C02}"
EndProject
Global
	GlobalSection(SolutionConfigurationPlatforms) = preSolution
		Debug|Any CPU = Debug|Any CPU
		Release|Any CPU = Release|Any CPU
	EndGlobalSection
	GlobalSection(ProjectConfigurationPlatforms) = postSolution
		{489B88E3-D189-4655-9131-E16580483C02}.Debug|Any CPU.ActiveCfg = Debug|Any CPU
		{489B88E3-D189-4655-9131-E16580483C02}.Debug|Any CPU.Build.0 = Debug|Any CPU
		{489B88E3-D189-4655-9131-E16580483C02}.Release|Any CPU.ActiveCfg = Release|Any CPU
		{489B88E3-D189-4655-9131-E16580483C02}.Release|Any CPU.Build.0 = Release|Any CPU
	EndGlobalSection
	GlobalSection(SolutionProperties) = preSolution
		HideSolutionNode = FALSE
	EndGlobalSection
	GlobalSection(ExtensibilityGlobals) = postSolution
		SolutionGuid = {E5C45479-9A61-4943-A0AB-A6BFB62A9C48}
	EndGlobalSection
EndGlobal
